
Microsoft Visual Studio Solution File, Format Version 12.00
# Visual Studio Version 17
VisualStudioVersion = 17.14.36301.6
MinimumVisualStudioVersion = 10.0.40219.1
Project("{FAE04EC0-301F-11D3-BF4B-00C04F79EFBC}") = "FunWithGBFS", "FunWithGBFS.csproj", "{2274D462-2EF2-4E54-92D0-146F80EBD41F}"
EndProject
Project("{FAE04EC0-301F-11D3-BF4B-00C04F79EFBC}") = "FunWithGBFSUnitTests", "..\FunWithGBFSUnitTests\FunWithGBFSUnitTests.csproj", "{82F494DE-1E6E-4943-9F8E-CC8C7909095A}"
EndProject
Project("{2150E333-8FDC-42A3-9474-1A3956D46DE8}") = "Solution Items", "Solution Items", "{8EC462FD-D22E-90A8-E5CE-7E832BA40C5D}"
	ProjectSection(SolutionItems) = preProject
		..\README.md = ..\README.md
	EndProjectSection
EndProject
Project("{2150E333-8FDC-42A3-9474-1A3956D46DE8}") = "Images", "Images", "{02EA681E-C7D8-13C7-8484-4AC65E1B71E8}"
	ProjectSection(SolutionItems) = preProject
		..\Images\FunWithGBFS_Architecture.jpg = ..\Images\FunWithGBFS_Architecture.jpg
	EndProjectSection
EndProject
Global
	GlobalSection(SolutionConfigurationPlatforms) = preSolution
		Debug|Any CPU = Debug|Any CPU
		Release|Any CPU = Release|Any CPU
	EndGlobalSection
	GlobalSection(ProjectConfigurationPlatforms) = postSolution
		{2274D462-2EF2-4E54-92D0-146F80EBD41F}.Debug|Any CPU.ActiveCfg = Debug|Any CPU
		{2274D462-2EF2-4E54-92D0-146F80EBD41F}.Debug|Any CPU.Build.0 = Debug|Any CPU
		{2274D462-2EF2-4E54-92D0-146F80EBD41F}.Release|Any CPU.ActiveCfg = Release|Any CPU
		{2274D462-2EF2-4E54-92D0-146F80EBD41F}.Release|Any CPU.Build.0 = Release|Any CPU
		{82F494DE-1E6E-4943-9F8E-CC8C7909095A}.Debug|Any CPU.ActiveCfg = Debug|Any CPU
		{82F494DE-1E6E-4943-9F8E-CC8C7909095A}.Debug|Any CPU.Build.0 = Debug|Any CPU
		{82F494DE-1E6E-4943-9F8E-CC8C7909095A}.Release|Any CPU.ActiveCfg = Release|Any CPU
		{82F494DE-1E6E-4943-9F8E-CC8C7909095A}.Release|Any CPU.Build.0 = Release|Any CPU
	EndGlobalSection
	GlobalSection(SolutionProperties) = preSolution
		HideSolutionNode = FALSE
	EndGlobalSection
	GlobalSection(NestedProjects) = preSolution
		{02EA681E-C7D8-13C7-8484-4AC65E1B71E8} = {8EC462FD-D22E-90A8-E5CE-7E832BA40C5D}
	EndGlobalSection
	GlobalSection(ExtensibilityGlobals) = postSolution
		SolutionGuid = {77E934E2-70C6-49C3-BB18-47BE803E7829}
	EndGlobalSection
EndGlobal
